{"version":4,"terraform_version":"1.10.1","serial":113,"lineage":"48460486-351e-266d-6ae4-13cd81bcc9d4","outputs":{"ssh_config":{"value":"# Rampart host configuration\nHost rampart\n    HostName 83.228.224.82\n    User debian\n\n# Watchtower host configuration\nHost watchtower\n    HostName 83.228.224.187\n    User debian\n\n# Arena host configuration\nHost arena\n    HostName 83.228.224.31\n    User debian\n\n# Target hosts configuration\nHost town-hall\n    HostName 10.0.0.101\n    User debian\n    ProxyJump rampart\n\n\n","type":"string"}},"resources":[{"mode":"data","type":"openstack_networking_network_v2","name":"floating","provider":"provider[\"registry.opentofu.org/terraform-provider-openstack/openstack\"]","instances":[{"schema_version":0,"attributes":{"admin_state_up":"true","all_tags":[],"availability_zone_hints":[],"description":"gman","dns_domain":"","external":true,"id":"34a684b8-2889-4950-b08e-c33b3954a307","matching_subnet_cidr":null,"mtu":8950,"name":"ext-floating1","network_id":null,"region":"dc4-a","shared":"false","status":null,"subnets":["4e8b54bb-7362-4bcb-9aec-d0b3c5dafe8a","54c49b62-a428-4d96-8459-b5e3de4f28f0","e3ee7cfe-8375-40b1-b016-902199b6e762"],"tags":null,"tenant_id":"b18351dc53464a7cadb0c002b8b2a0da","transparent_vlan":false},"sensitive_attributes":[]}]},{"mode":"data","type":"openstack_networking_network_v2","name":"public","provider":"provider[\"registry.opentofu.org/terraform-provider-openstack/openstack\"]","instances":[{"schema_version":0,"attributes":{"admin_state_up":"true","all_tags":[],"availability_zone_hints":[],"description":"Public shared network","dns_domain":"","external":false,"id":"1729a205-fabb-45b2-b040-bb712aca40db","matching_subnet_cidr":null,"mtu":1500,"name":"ext-net1","network_id":null,"region":"dc4-a","shared":"true","status":null,"subnets":["02994ed1-b440-429e-9de4-c1a91a8b119e","05f0fe32-0416-459b-97da-1d06e1fc4d23","157f7b5c-5296-4c3d-953f-b55bb4bf7e74","1d63f318-c47b-437c-ac90-f4a3aa38623a","20aceea5-bf5b-4006-9600-1df45037a71d","3cd6bb23-3632-4964-99e0-99ced201e15a","4840544d-2118-4261-ae86-8d6704c349d9","572d5938-9286-46e1-b8b3-80f82ff3d5cc","64d09d12-76b6-4f1b-b789-ca92fd503646","7986c873-2b2f-4077-bd7e-a806437a48ee","7caad836-9b70-44be-9e00-cf63c3b95492","81a48975-3b28-4750-8cbb-9edc52cd5e6e","9069ca5c-5de2-4ea3-b653-d7c7d9ec6121","a412085f-4b7f-4ba6-a056-5d9444ad3c73","bcc4b8f5-34f3-4500-bd3d-7f0799b2c8cf","d4811b8a-0ceb-4c8b-a422-df7710f27ba0","e8d4c1f8-aad4-4ba8-9200-c8cae920a10c"],"tags":null,"tenant_id":"b18351dc53464a7cadb0c002b8b2a0da","transparent_vlan":false},"sensitive_attributes":[]}]},{"mode":"managed","type":"openstack_compute_instance_v2","name":"arena","provider":"provider[\"registry.opentofu.org/terraform-provider-openstack/openstack\"]","instances":[{"schema_version":0,"attributes":{"access_ip_v4":"83.228.224.31","access_ip_v6":"[2001:1600:16:10::109d]","admin_pass":null,"all_metadata":{},"all_tags":[],"availability_zone":"az-1","availability_zone_hints":null,"block_device":[],"config_drive":null,"flavor_id":"e2487c92-01b7-4639-94a9-b4d91203155f","flavor_name":"a4-ram16-disk50-perf1","floating_ip":null,"force_delete":false,"id":"872037ab-813c-4072-995a-ff6d2814ad0b","image_id":"359e3ea8-a295-496f-9b41-06db46b23e14","image_name":"Debian 12 bookworm","key_pair":"ssh-key","metadata":null,"name":"arena","network":[{"access_network":false,"fixed_ip_v4":"83.228.224.31","fixed_ip_v6":"[2001:1600:16:10::109d]","floating_ip":"","mac":"fa:16:3e:d1:d0:1c","name":"ext-net1","port":"","uuid":"1729a205-fabb-45b2-b040-bb712aca40db"}],"network_mode":null,"personality":[],"power_state":"active","region":"dc4-a","scheduler_hints":[],"security_groups":["arena"],"stop_before_destroy":false,"tags":null,"timeouts":null,"user_data":"865fa144d07d5fd0d9e82cbe863cd0e5c25c1d48","vendor_options":[],"volume":[]},"sensitive_attributes":[[{"type":"get_attr","value":"admin_pass"}]],"private":"eyJlMmJmYjczMC1lY2FhLTExZTYtOGY4OC0zNDM2M2JjN2M0YzAiOnsiY3JlYXRlIjoxODAwMDAwMDAwMDAwLCJkZWxldGUiOjE4MDAwMDAwMDAwMDAsInVwZGF0ZSI6MTgwMDAwMDAwMDAwMH19","dependencies":["openstack_compute_keypair_v2.ssh-key","openstack_networking_secgroup_v2.arena_sec_group"]}]},{"mode":"managed","type":"openstack_compute_instance_v2","name":"rampart","provider":"provider[\"registry.opentofu.org/terraform-provider-openstack/openstack\"]","instances":[{"schema_version":0,"attributes":{"access_ip_v4":"83.228.224.82","access_ip_v6":"[2001:1600:16:10::ec7]","admin_pass":null,"all_metadata":{},"all_tags":[],"availability_zone":"az-3","availability_zone_hints":null,"block_device":[],"config_drive":null,"flavor_id":"0a4d6691-021b-432d-b6a8-bb7a3896cc3c","flavor_name":"a1-ram4-disk20-perf1","floating_ip":null,"force_delete":false,"id":"6711debf-a5c2-449f-b6e5-a3da38e14cc2","image_id":"359e3ea8-a295-496f-9b41-06db46b23e14","image_name":"Debian 12 bookworm","key_pair":"ssh-key","metadata":null,"name":"rampart","network":[{"access_network":false,"fixed_ip_v4":"83.228.224.82","fixed_ip_v6":"[2001:1600:16:10::ec7]","floating_ip":"","mac":"fa:16:3e:99:ec:f6","name":"ext-net1","port":"","uuid":"1729a205-fabb-45b2-b040-bb712aca40db"}],"network_mode":null,"personality":[],"power_state":"active","region":"dc4-a","scheduler_hints":[{"additional_properties":null,"build_near_host_ip":"","different_cell":[],"different_host":[],"group":"5a40390d-ffb8-4363-a219-b1eb45b47d70","query":[],"same_host":[],"target_cell":""}],"security_groups":["rampart"],"stop_before_destroy":false,"tags":null,"timeouts":null,"user_data":"865fa144d07d5fd0d9e82cbe863cd0e5c25c1d48","vendor_options":[],"volume":[]},"sensitive_attributes":[[{"type":"get_attr","value":"admin_pass"}]],"private":"eyJlMmJmYjczMC1lY2FhLTExZTYtOGY4OC0zNDM2M2JjN2M0YzAiOnsiY3JlYXRlIjoxODAwMDAwMDAwMDAwLCJkZWxldGUiOjE4MDAwMDAwMDAwMDAsInVwZGF0ZSI6MTgwMDAwMDAwMDAwMH19","dependencies":["openstack_compute_keypair_v2.ssh-key","openstack_compute_servergroup_v2.sg-anti-affinity-1","openstack_networking_network_v2.city","openstack_networking_secgroup_v2.rampart_sec_group","openstack_networking_subnet_v2.city-in"]}]},{"mode":"managed","type":"openstack_compute_instance_v2","name":"town-hall","provider":"provider[\"registry.opentofu.org/terraform-provider-openstack/openstack\"]","instances":[{"schema_version":0,"attributes":{"access_ip_v4":"10.0.0.101","access_ip_v6":"","admin_pass":null,"all_metadata":{},"all_tags":[],"availability_zone":"az-2","availability_zone_hints":null,"block_device":[],"config_drive":null,"flavor_id":"70c5d0df-9395-4a53-a3aa-d9e4a58b8cef","flavor_name":"a1-ram4-disk50-perf1","floating_ip":null,"force_delete":false,"id":"18b6cf8a-f2f3-4d20-92c0-856e42d8828b","image_id":"359e3ea8-a295-496f-9b41-06db46b23e14","image_name":"Debian 12 bookworm","key_pair":"ssh-key","metadata":null,"name":"town-hall","network":[{"access_network":false,"fixed_ip_v4":"10.0.0.101","fixed_ip_v6":"","floating_ip":"","mac":"fa:16:3e:1c:b7:88","name":"city","port":"a97059cf-1e03-4832-b732-f7a71a526236","uuid":"0c08b06d-939d-4abe-a128-af70ffe1fa3f"}],"network_mode":null,"personality":[],"power_state":"active","region":"dc4-a","scheduler_hints":[{"additional_properties":null,"build_near_host_ip":"","different_cell":[],"different_host":[],"group":"bceed9a7-778c-4ab6-8efd-d4eafd119eff","query":[],"same_host":[],"target_cell":""}],"security_groups":["town-hall"],"stop_before_destroy":false,"tags":null,"timeouts":null,"user_data":"865fa144d07d5fd0d9e82cbe863cd0e5c25c1d48","vendor_options":[],"volume":[]},"sensitive_attributes":[[{"type":"get_attr","value":"admin_pass"}]],"private":"eyJlMmJmYjczMC1lY2FhLTExZTYtOGY4OC0zNDM2M2JjN2M0YzAiOnsiY3JlYXRlIjoxODAwMDAwMDAwMDAwLCJkZWxldGUiOjE4MDAwMDAwMDAwMDAsInVwZGF0ZSI6MTgwMDAwMDAwMDAwMH19","dependencies":["openstack_compute_keypair_v2.ssh-key","openstack_compute_servergroup_v2.sg-anti-affinity-4","openstack_networking_network_v2.city","openstack_networking_port_v2.town-hall_port","openstack_networking_secgroup_v2.town-hall_sec_group","openstack_networking_subnet_v2.city-in"]}]},{"mode":"managed","type":"openstack_compute_instance_v2","name":"watchtower","provider":"provider[\"registry.opentofu.org/terraform-provider-openstack/openstack\"]","instances":[{"schema_version":0,"attributes":{"access_ip_v4":"83.228.224.187","access_ip_v6":"[2001:1600:16:10::d1c]","admin_pass":null,"all_metadata":{},"all_tags":[],"availability_zone":"az-3","availability_zone_hints":null,"block_device":[],"config_drive":null,"flavor_id":"a0a08302-b327-4e7b-9688-e3413183a130","flavor_name":"a2-ram4-disk80-perf1","floating_ip":null,"force_delete":false,"id":"149c6711-aed9-4c03-b0f8-210f503b34c1","image_id":"359e3ea8-a295-496f-9b41-06db46b23e14","image_name":"Debian 12 bookworm","key_pair":"ssh-key","metadata":null,"name":"watchtower","network":[{"access_network":false,"fixed_ip_v4":"83.228.224.187","fixed_ip_v6":"[2001:1600:16:10::d1c]","floating_ip":"","mac":"fa:16:3e:a0:4a:5f","name":"ext-net1","port":"","uuid":"1729a205-fabb-45b2-b040-bb712aca40db"}],"network_mode":null,"personality":[],"power_state":"active","region":"dc4-a","scheduler_hints":[],"security_groups":["watchtower"],"stop_before_destroy":false,"tags":null,"timeouts":null,"user_data":"865fa144d07d5fd0d9e82cbe863cd0e5c25c1d48","vendor_options":[],"volume":[]},"sensitive_attributes":[[{"type":"get_attr","value":"admin_pass"}]],"private":"eyJlMmJmYjczMC1lY2FhLTExZTYtOGY4OC0zNDM2M2JjN2M0YzAiOnsiY3JlYXRlIjoxODAwMDAwMDAwMDAwLCJkZWxldGUiOjE4MDAwMDAwMDAwMDAsInVwZGF0ZSI6MTgwMDAwMDAwMDAwMH19","dependencies":["openstack_compute_keypair_v2.ssh-key","openstack_networking_secgroup_v2.watchtower_sec_group"]}]},{"mode":"managed","type":"openstack_compute_keypair_v2","name":"ssh-key","provider":"provider[\"registry.opentofu.org/terraform-provider-openstack/openstack\"]","instances":[{"schema_version":0,"attributes":{"fingerprint":"d6:ef:b0:aa:82:26:5c:c8:7d:e0:36:ff:ed:bc:b3:20","id":"ssh-key","name":"ssh-key","private_key":"","public_key":"ssh-rsa AAAAB3NzaC1yc2EAAAADAQABAAACAQC4rYHdeDl3BnhZWRsVwoCgHgkOwauN1NKoXdedRQ/KFIgleG+mrfW7eBmH/Ngz4jrY9Rk2rqe3OVXlqA/j3IbZ9kZGXaLPmRb2DHzpVo7xstkZnvgVQfVGVk4knqYEvfQpbL4fGY/BBQFrT7JSJk4jWXzGuZgdcVAfCoVzYQHWFOrEe5rJ2XsJsDCr5x5gkNYWxMIGKBugSUkQ5fX6YoT0exCsnc7LevHNzS1RxCI6jHS2HALvX+xPcYZD3jRxQOaZhfH45xwx1QFvBlxJQWGvnyAu4yb7PhFtT5AO/dYF+BwV4E0lGYkzdlrkTEUq2AlIe00szulD2Xh/+LzgOBy5AjN4Wo9zDpP+2uCpa6qwlPkZHK9WmqQ9jlzhLdofUpRxLnh9jB+cv3qQbkJhn85b1q8ScUMBCAnjRSNg0aPiYFwaL0yijD4Rn8/DpSoS4bGaOVmQNusskKEsAPwMruHjDRY5SJeKlHZymBVVj6i59dLCKUdkGnEMC3aI6tHyZscv+diZL6d7UuViOKbWC6G7TG7pt9jeYHjy3AiEbRfZQnwus0S0RvVDVS5tbfBMjyIakAAM2+aGjV1AIBOTQiYnwjEAVwePZlHPz5v8sjdsA7QfGVzyRqZNdgovWxriv6dxvRJltoknQFUxw+Btwq5ousjH+l+kNkJfKBwlez1BrQ== cardno:6708604\n","region":"dc4-a","value_specs":null},"sensitive_attributes":[],"private":"bnVsbA=="}]},{"mode":"managed","type":"openstack_compute_servergroup_v2","name":"sg-anti-affinity-1","provider":"provider[\"registry.opentofu.org/terraform-provider-openstack/openstack\"]","instances":[{"schema_version":0,"attributes":{"id":"5a40390d-ffb8-4363-a219-b1eb45b47d70","members":[],"name":"sg-anti-affinity-1","policies":["soft-anti-affinity"],"region":"dc4-a","value_specs":null},"sensitive_attributes":[],"private":"bnVsbA=="}]},{"mode":"managed","type":"openstack_compute_servergroup_v2","name":"sg-anti-affinity-2","provider":"provider[\"registry.opentofu.org/terraform-provider-openstack/openstack\"]","instances":[{"schema_version":0,"attributes":{"id":"8d0a3ebc-f2d5-4254-9e81-c930f3334bfa","members":[],"name":"sg-anti-affinity-2","policies":["soft-anti-affinity"],"region":"dc4-a","value_specs":null},"sensitive_attributes":[],"private":"bnVsbA=="}]},{"mode":"managed","type":"openstack_compute_servergroup_v2","name":"sg-anti-affinity-3","provider":"provider[\"registry.opentofu.org/terraform-provider-openstack/openstack\"]","instances":[{"schema_version":0,"attributes":{"id":"82eef130-44c0-4641-8eef-f046f89875ae","members":[],"name":"sg-anti-affinity-3","policies":["soft-anti-affinity"],"region":"dc4-a","value_specs":null},"sensitive_attributes":[],"private":"bnVsbA=="}]},{"mode":"managed","type":"openstack_compute_servergroup_v2","name":"sg-anti-affinity-4","provider":"provider[\"registry.opentofu.org/terraform-provider-openstack/openstack\"]","instances":[{"schema_version":0,"attributes":{"id":"bceed9a7-778c-4ab6-8efd-d4eafd119eff","members":[],"name":"sg-anti-affinity-4","policies":["soft-anti-affinity"],"region":"dc4-a","value_specs":null},"sensitive_attributes":[],"private":"bnVsbA=="}]},{"mode":"managed","type":"openstack_networking_network_v2","name":"city","provider":"provider[\"registry.opentofu.org/terraform-provider-openstack/openstack\"]","instances":[{"schema_version":0,"attributes":{"admin_state_up":true,"all_tags":[],"availability_zone_hints":["az-1","az-2","az-3"],"description":"","dns_domain":"","external":false,"id":"0c08b06d-939d-4abe-a128-af70ffe1fa3f","mtu":1500,"name":"city","port_security_enabled":true,"qos_policy_id":"","region":"dc4-a","segments":[],"shared":false,"tags":null,"tenant_id":"2af6b9b1bbd34000aca8778f996cf027","timeouts":null,"transparent_vlan":false,"value_specs":null},"sensitive_attributes":[],"private":"eyJlMmJmYjczMC1lY2FhLTExZTYtOGY4OC0zNDM2M2JjN2M0YzAiOnsiY3JlYXRlIjo2MDAwMDAwMDAwMDAsImRlbGV0ZSI6NjAwMDAwMDAwMDAwfX0="}]},{"mode":"managed","type":"openstack_networking_port_v2","name":"town-hall_port","provider":"provider[\"registry.opentofu.org/terraform-provider-openstack/openstack\"]","instances":[{"schema_version":0,"attributes":{"admin_state_up":true,"all_fixed_ips":["10.0.0.101"],"all_security_group_ids":["db6a11fe-449f-4eb6-ab10-2ef0ea28f3f2"],"all_tags":[],"allowed_address_pairs":[],"binding":[{"host_id":"","profile":"","vif_details":{},"vif_type":"","vnic_type":"normal"}],"description":"","device_id":"","device_owner":"","dns_assignment":[{"fqdn":"host-10-0-0-101.dc4-a.pub2.infomaniak.cloud.","hostname":"host-10-0-0-101","ip_address":"10.0.0.101"}],"dns_name":"","extra_dhcp_option":[],"fixed_ip":[{"ip_address":"10.0.0.101","subnet_id":"44298bbe-57f7-406a-8d4c-f5f8d7623fda"}],"id":"a97059cf-1e03-4832-b732-f7a71a526236","mac_address":"fa:16:3e:1c:b7:88","name":"town-hall-port","network_id":"0c08b06d-939d-4abe-a128-af70ffe1fa3f","no_fixed_ip":null,"no_security_groups":null,"port_security_enabled":true,"qos_policy_id":"","region":"dc4-a","security_group_ids":null,"tags":null,"tenant_id":"2af6b9b1bbd34000aca8778f996cf027","timeouts":null,"value_specs":null},"sensitive_attributes":[],"private":"eyJlMmJmYjczMC1lY2FhLTExZTYtOGY4OC0zNDM2M2JjN2M0YzAiOnsiY3JlYXRlIjo2MDAwMDAwMDAwMDAsImRlbGV0ZSI6NjAwMDAwMDAwMDAwfX0=","dependencies":["openstack_networking_network_v2.city","openstack_networking_subnet_v2.city-in"]}]},{"mode":"managed","type":"openstack_networking_secgroup_rule_v2","name":"arena_25565","provider":"provider[\"registry.opentofu.org/terraform-provider-openstack/openstack\"]","instances":[{"schema_version":0,"attributes":{"description":"","direction":"ingress","ethertype":"IPv4","id":"cc28e146-21d4-4721-bce0-77968232f715","port_range_max":25565,"port_range_min":25565,"protocol":"tcp","region":"dc4-a","remote_group_id":"","remote_ip_prefix":"10.0.0.1/32","security_group_id":"19b183af-3859-46cd-8c41-d426f2705b58","tenant_id":"2af6b9b1bbd34000aca8778f996cf027","timeouts":null},"sensitive_attributes":[],"private":"eyJlMmJmYjczMC1lY2FhLTExZTYtOGY4OC0zNDM2M2JjN2M0YzAiOnsiZGVsZXRlIjo2MDAwMDAwMDAwMDB9fQ==","dependencies":["openstack_networking_secgroup_v2.arena_sec_group"]}]},{"mode":"managed","type":"openstack_networking_secgroup_rule_v2","name":"http-rampart","provider":"provider[\"registry.opentofu.org/terraform-provider-openstack/openstack\"]","instances":[{"schema_version":0,"attributes":{"description":"","direction":"ingress","ethertype":"IPv4","id":"246a59fe-0b82-4012-bc5c-dd308c3e0a73","port_range_max":80,"port_range_min":80,"protocol":"tcp","region":"dc4-a","remote_group_id":"","remote_ip_prefix":"0.0.0.0/0","security_group_id":"8682862e-aafd-46cb-839c-fb8d86b1fed6","tenant_id":"2af6b9b1bbd34000aca8778f996cf027","timeouts":null},"sensitive_attributes":[],"private":"eyJlMmJmYjczMC1lY2FhLTExZTYtOGY4OC0zNDM2M2JjN2M0YzAiOnsiZGVsZXRlIjo2MDAwMDAwMDAwMDB9fQ==","dependencies":["openstack_networking_secgroup_v2.rampart_sec_group"]}]},{"mode":"managed","type":"openstack_networking_secgroup_rule_v2","name":"https-rampart","provider":"provider[\"registry.opentofu.org/terraform-provider-openstack/openstack\"]","instances":[{"schema_version":0,"attributes":{"description":"","direction":"ingress","ethertype":"IPv4","id":"0ad19fd4-5101-4ef6-a6d9-4ac96961f8e9","port_range_max":443,"port_range_min":443,"protocol":"tcp","region":"dc4-a","remote_group_id":"","remote_ip_prefix":"0.0.0.0/0","security_group_id":"8682862e-aafd-46cb-839c-fb8d86b1fed6","tenant_id":"2af6b9b1bbd34000aca8778f996cf027","timeouts":null},"sensitive_attributes":[],"private":"eyJlMmJmYjczMC1lY2FhLTExZTYtOGY4OC0zNDM2M2JjN2M0YzAiOnsiZGVsZXRlIjo2MDAwMDAwMDAwMDB9fQ==","dependencies":["openstack_networking_secgroup_v2.rampart_sec_group"]}]},{"mode":"managed","type":"openstack_networking_secgroup_rule_v2","name":"icmp-arena","provider":"provider[\"registry.opentofu.org/terraform-provider-openstack/openstack\"]","instances":[{"schema_version":0,"attributes":{"description":"","direction":"ingress","ethertype":"IPv4","id":"259351cd-78b9-49e7-a4e2-f992be169e91","port_range_max":0,"port_range_min":0,"protocol":"icmp","region":"dc4-a","remote_group_id":"","remote_ip_prefix":"10.0.0.0/0","security_group_id":"19b183af-3859-46cd-8c41-d426f2705b58","tenant_id":"2af6b9b1bbd34000aca8778f996cf027","timeouts":null},"sensitive_attributes":[],"private":"eyJlMmJmYjczMC1lY2FhLTExZTYtOGY4OC0zNDM2M2JjN2M0YzAiOnsiZGVsZXRlIjo2MDAwMDAwMDAwMDB9fQ==","dependencies":["openstack_networking_secgroup_v2.arena_sec_group"]}]},{"mode":"managed","type":"openstack_networking_secgroup_rule_v2","name":"icmp-rampart-home","provider":"provider[\"registry.opentofu.org/terraform-provider-openstack/openstack\"]","instances":[{"schema_version":0,"attributes":{"description":"","direction":"ingress","ethertype":"IPv4","id":"8d979d14-573c-47a4-a26b-aa44ab0edb8e","port_range_max":0,"port_range_min":0,"protocol":"icmp","region":"dc4-a","remote_group_id":"","remote_ip_prefix":"82.66.247.210/32","security_group_id":"8682862e-aafd-46cb-839c-fb8d86b1fed6","tenant_id":"2af6b9b1bbd34000aca8778f996cf027","timeouts":null},"sensitive_attributes":[],"private":"eyJlMmJmYjczMC1lY2FhLTExZTYtOGY4OC0zNDM2M2JjN2M0YzAiOnsiZGVsZXRlIjo2MDAwMDAwMDAwMDB9fQ==","dependencies":["openstack_networking_secgroup_v2.rampart_sec_group"]}]},{"mode":"managed","type":"openstack_networking_secgroup_rule_v2","name":"icmp-rampart-ik","provider":"provider[\"registry.opentofu.org/terraform-provider-openstack/openstack\"]","instances":[{"schema_version":0,"attributes":{"description":"","direction":"ingress","ethertype":"IPv4","id":"2e9683b6-3c95-4a9b-abbf-aca3db9f008f","port_range_max":0,"port_range_min":0,"protocol":"icmp","region":"dc4-a","remote_group_id":"","remote_ip_prefix":"84.16.66.35/32","security_group_id":"8682862e-aafd-46cb-839c-fb8d86b1fed6","tenant_id":"2af6b9b1bbd34000aca8778f996cf027","timeouts":null},"sensitive_attributes":[],"private":"eyJlMmJmYjczMC1lY2FhLTExZTYtOGY4OC0zNDM2M2JjN2M0YzAiOnsiZGVsZXRlIjo2MDAwMDAwMDAwMDB9fQ==","dependencies":["openstack_networking_secgroup_v2.rampart_sec_group"]}]},{"mode":"managed","type":"openstack_networking_secgroup_rule_v2","name":"icmp-town-hall","provider":"provider[\"registry.opentofu.org/terraform-provider-openstack/openstack\"]","instances":[{"schema_version":0,"attributes":{"description":"","direction":"ingress","ethertype":"IPv4","id":"a193655b-9e08-470e-aa8d-2db41aac7217","port_range_max":0,"port_range_min":0,"protocol":"icmp","region":"dc4-a","remote_group_id":"","remote_ip_prefix":"10.0.0.0/24","security_group_id":"4cf18f28-85c5-4bab-a836-3a5df7900d5a","tenant_id":"2af6b9b1bbd34000aca8778f996cf027","timeouts":null},"sensitive_attributes":[],"private":"eyJlMmJmYjczMC1lY2FhLTExZTYtOGY4OC0zNDM2M2JjN2M0YzAiOnsiZGVsZXRlIjo2MDAwMDAwMDAwMDB9fQ==","dependencies":["openstack_networking_secgroup_v2.town-hall_sec_group"]}]},{"mode":"managed","type":"openstack_networking_secgroup_rule_v2","name":"rampart_25565","provider":"provider[\"registry.opentofu.org/terraform-provider-openstack/openstack\"]","instances":[{"schema_version":0,"attributes":{"description":"","direction":"ingress","ethertype":"IPv4","id":"0c42244c-347c-46f3-90e5-c2908f24a53c","port_range_max":25565,"port_range_min":25565,"protocol":"tcp","region":"dc4-a","remote_group_id":"","remote_ip_prefix":"82.66.247.210/32","security_group_id":"8682862e-aafd-46cb-839c-fb8d86b1fed6","tenant_id":"2af6b9b1bbd34000aca8778f996cf027","timeouts":null},"sensitive_attributes":[],"private":"eyJlMmJmYjczMC1lY2FhLTExZTYtOGY4OC0zNDM2M2JjN2M0YzAiOnsiZGVsZXRlIjo2MDAwMDAwMDAwMDB9fQ==","dependencies":["openstack_networking_secgroup_v2.rampart_sec_group"]}]},{"mode":"managed","type":"openstack_networking_secgroup_rule_v2","name":"ssh-arena-home","provider":"provider[\"registry.opentofu.org/terraform-provider-openstack/openstack\"]","instances":[{"schema_version":0,"attributes":{"description":"","direction":"ingress","ethertype":"IPv4","id":"c05ae445-a076-46f2-aa57-e3faa081795d","port_range_max":22,"port_range_min":22,"protocol":"tcp","region":"dc4-a","remote_group_id":"","remote_ip_prefix":"82.66.247.210/32","security_group_id":"19b183af-3859-46cd-8c41-d426f2705b58","tenant_id":"2af6b9b1bbd34000aca8778f996cf027","timeouts":null},"sensitive_attributes":[],"private":"eyJlMmJmYjczMC1lY2FhLTExZTYtOGY4OC0zNDM2M2JjN2M0YzAiOnsiZGVsZXRlIjo2MDAwMDAwMDAwMDB9fQ==","dependencies":["openstack_networking_secgroup_v2.arena_sec_group"]}]},{"mode":"managed","type":"openstack_networking_secgroup_rule_v2","name":"ssh-arena-ik","provider":"provider[\"registry.opentofu.org/terraform-provider-openstack/openstack\"]","instances":[{"schema_version":0,"attributes":{"description":"","direction":"ingress","ethertype":"IPv4","id":"951b04d7-3fe7-4e40-a1c1-94fa230e5dfc","port_range_max":22,"port_range_min":22,"protocol":"tcp","region":"dc4-a","remote_group_id":"","remote_ip_prefix":"84.16.66.35/32","security_group_id":"19b183af-3859-46cd-8c41-d426f2705b58","tenant_id":"2af6b9b1bbd34000aca8778f996cf027","timeouts":null},"sensitive_attributes":[],"private":"eyJlMmJmYjczMC1lY2FhLTExZTYtOGY4OC0zNDM2M2JjN2M0YzAiOnsiZGVsZXRlIjo2MDAwMDAwMDAwMDB9fQ==","dependencies":["openstack_networking_secgroup_v2.arena_sec_group"]}]},{"mode":"managed","type":"openstack_networking_secgroup_rule_v2","name":"ssh-arena-lan","provider":"provider[\"registry.opentofu.org/terraform-provider-openstack/openstack\"]","instances":[{"schema_version":0,"attributes":{"description":"","direction":"ingress","ethertype":"IPv4","id":"17a1456a-67e2-4950-82dc-49d1eadee3c9","port_range_max":22,"port_range_min":22,"protocol":"tcp","region":"dc4-a","remote_group_id":"","remote_ip_prefix":"10.0.0.1/32","security_group_id":"19b183af-3859-46cd-8c41-d426f2705b58","tenant_id":"2af6b9b1bbd34000aca8778f996cf027","timeouts":null},"sensitive_attributes":[],"private":"eyJlMmJmYjczMC1lY2FhLTExZTYtOGY4OC0zNDM2M2JjN2M0YzAiOnsiZGVsZXRlIjo2MDAwMDAwMDAwMDB9fQ==","dependencies":["openstack_networking_secgroup_v2.arena_sec_group"]}]},{"mode":"managed","type":"openstack_networking_secgroup_rule_v2","name":"ssh-rampart-home","provider":"provider[\"registry.opentofu.org/terraform-provider-openstack/openstack\"]","instances":[{"schema_version":0,"attributes":{"description":"","direction":"ingress","ethertype":"IPv4","id":"729fce4a-4087-4c42-b0cc-52df8d966835","port_range_max":22,"port_range_min":22,"protocol":"tcp","region":"dc4-a","remote_group_id":"","remote_ip_prefix":"82.66.247.210/32","security_group_id":"8682862e-aafd-46cb-839c-fb8d86b1fed6","tenant_id":"2af6b9b1bbd34000aca8778f996cf027","timeouts":null},"sensitive_attributes":[],"private":"eyJlMmJmYjczMC1lY2FhLTExZTYtOGY4OC0zNDM2M2JjN2M0YzAiOnsiZGVsZXRlIjo2MDAwMDAwMDAwMDB9fQ==","dependencies":["openstack_networking_secgroup_v2.rampart_sec_group"]}]},{"mode":"managed","type":"openstack_networking_secgroup_rule_v2","name":"ssh-rampart-ik","provider":"provider[\"registry.opentofu.org/terraform-provider-openstack/openstack\"]","instances":[{"schema_version":0,"attributes":{"description":"","direction":"ingress","ethertype":"IPv4","id":"64369441-c41b-4fe7-9aef-c4bb3419aaab","port_range_max":22,"port_range_min":22,"protocol":"tcp","region":"dc4-a","remote_group_id":"","remote_ip_prefix":"84.16.66.35/32","security_group_id":"8682862e-aafd-46cb-839c-fb8d86b1fed6","tenant_id":"2af6b9b1bbd34000aca8778f996cf027","timeouts":null},"sensitive_attributes":[],"private":"eyJlMmJmYjczMC1lY2FhLTExZTYtOGY4OC0zNDM2M2JjN2M0YzAiOnsiZGVsZXRlIjo2MDAwMDAwMDAwMDB9fQ==","dependencies":["openstack_networking_secgroup_v2.rampart_sec_group"]}]},{"mode":"managed","type":"openstack_networking_secgroup_rule_v2","name":"ssh-town-hall-lan","provider":"provider[\"registry.opentofu.org/terraform-provider-openstack/openstack\"]","instances":[{"schema_version":0,"attributes":{"description":"","direction":"ingress","ethertype":"IPv4","id":"685581e7-e6d9-4e3d-bb95-255bbd2c20f3","port_range_max":22,"port_range_min":22,"protocol":"tcp","region":"dc4-a","remote_group_id":"","remote_ip_prefix":"10.0.0.0/24","security_group_id":"4cf18f28-85c5-4bab-a836-3a5df7900d5a","tenant_id":"2af6b9b1bbd34000aca8778f996cf027","timeouts":null},"sensitive_attributes":[],"private":"eyJlMmJmYjczMC1lY2FhLTExZTYtOGY4OC0zNDM2M2JjN2M0YzAiOnsiZGVsZXRlIjo2MDAwMDAwMDAwMDB9fQ==","dependencies":["openstack_networking_secgroup_v2.town-hall_sec_group"]}]},{"mode":"managed","type":"openstack_networking_secgroup_rule_v2","name":"ssh-watchtower","provider":"provider[\"registry.opentofu.org/terraform-provider-openstack/openstack\"]","instances":[{"schema_version":0,"attributes":{"description":"","direction":"ingress","ethertype":"IPv4","id":"35ec6133-9d06-4656-8896-73115e68a148","port_range_max":22,"port_range_min":22,"protocol":"tcp","region":"dc4-a","remote_group_id":"","remote_ip_prefix":"0.0.0.0/0","security_group_id":"a1772270-ee91-41c4-95a1-094698f7671c","tenant_id":"2af6b9b1bbd34000aca8778f996cf027","timeouts":null},"sensitive_attributes":[],"private":"eyJlMmJmYjczMC1lY2FhLTExZTYtOGY4OC0zNDM2M2JjN2M0YzAiOnsiZGVsZXRlIjo2MDAwMDAwMDAwMDB9fQ==","dependencies":["openstack_networking_secgroup_v2.watchtower_sec_group"]}]},{"mode":"managed","type":"openstack_networking_secgroup_rule_v2","name":"town-hall_8008","provider":"provider[\"registry.opentofu.org/terraform-provider-openstack/openstack\"]","instances":[{"schema_version":0,"attributes":{"description":"","direction":"ingress","ethertype":"IPv4","id":"20e4ee08-7489-43de-995e-5d46f2d1d1a2","port_range_max":8008,"port_range_min":8008,"protocol":"tcp","region":"dc4-a","remote_group_id":"","remote_ip_prefix":"10.0.0.1/32","security_group_id":"4cf18f28-85c5-4bab-a836-3a5df7900d5a","tenant_id":"2af6b9b1bbd34000aca8778f996cf027","timeouts":null},"sensitive_attributes":[],"private":"eyJlMmJmYjczMC1lY2FhLTExZTYtOGY4OC0zNDM2M2JjN2M0YzAiOnsiZGVsZXRlIjo2MDAwMDAwMDAwMDB9fQ==","dependencies":["openstack_networking_secgroup_v2.town-hall_sec_group"]}]},{"mode":"managed","type":"openstack_networking_secgroup_v2","name":"arena_sec_group","provider":"provider[\"registry.opentofu.org/terraform-provider-openstack/openstack\"]","instances":[{"schema_version":0,"attributes":{"all_tags":[],"delete_default_rules":null,"description":"Security group for the arena instances","id":"19b183af-3859-46cd-8c41-d426f2705b58","name":"arena","region":"dc4-a","tags":null,"tenant_id":"2af6b9b1bbd34000aca8778f996cf027","timeouts":null},"sensitive_attributes":[],"private":"eyJlMmJmYjczMC1lY2FhLTExZTYtOGY4OC0zNDM2M2JjN2M0YzAiOnsiZGVsZXRlIjo2MDAwMDAwMDAwMDB9fQ=="}]},{"mode":"managed","type":"openstack_networking_secgroup_v2","name":"rampart_sec_group","provider":"provider[\"registry.opentofu.org/terraform-provider-openstack/openstack\"]","instances":[{"schema_version":0,"attributes":{"all_tags":[],"delete_default_rules":null,"description":"Security group for the rampart instance","id":"8682862e-aafd-46cb-839c-fb8d86b1fed6","name":"rampart","region":"dc4-a","tags":null,"tenant_id":"2af6b9b1bbd34000aca8778f996cf027","timeouts":null},"sensitive_attributes":[],"private":"eyJlMmJmYjczMC1lY2FhLTExZTYtOGY4OC0zNDM2M2JjN2M0YzAiOnsiZGVsZXRlIjo2MDAwMDAwMDAwMDB9fQ=="}]},{"mode":"managed","type":"openstack_networking_secgroup_v2","name":"town-hall_sec_group","provider":"provider[\"registry.opentofu.org/terraform-provider-openstack/openstack\"]","instances":[{"schema_version":0,"attributes":{"all_tags":[],"delete_default_rules":null,"description":"Security group for the town-hall instances","id":"4cf18f28-85c5-4bab-a836-3a5df7900d5a","name":"town-hall","region":"dc4-a","tags":null,"tenant_id":"2af6b9b1bbd34000aca8778f996cf027","timeouts":null},"sensitive_attributes":[],"private":"eyJlMmJmYjczMC1lY2FhLTExZTYtOGY4OC0zNDM2M2JjN2M0YzAiOnsiZGVsZXRlIjo2MDAwMDAwMDAwMDB9fQ=="}]},{"mode":"managed","type":"openstack_networking_secgroup_v2","name":"watchtower_sec_group","provider":"provider[\"registry.opentofu.org/terraform-provider-openstack/openstack\"]","instances":[{"schema_version":0,"attributes":{"all_tags":[],"delete_default_rules":null,"description":"Security group for the watchtower instances","id":"a1772270-ee91-41c4-95a1-094698f7671c","name":"watchtower","region":"dc4-a","tags":null,"tenant_id":"2af6b9b1bbd34000aca8778f996cf027","timeouts":null},"sensitive_attributes":[],"private":"eyJlMmJmYjczMC1lY2FhLTExZTYtOGY4OC0zNDM2M2JjN2M0YzAiOnsiZGVsZXRlIjo2MDAwMDAwMDAwMDB9fQ=="}]},{"mode":"managed","type":"openstack_networking_subnet_v2","name":"city-in","provider":"provider[\"registry.opentofu.org/terraform-provider-openstack/openstack\"]","instances":[{"schema_version":0,"attributes":{"all_tags":[],"allocation_pool":[{"end":"10.0.0.254","start":"10.0.0.2"}],"allocation_pools":[{"end":"10.0.0.254","start":"10.0.0.2"}],"cidr":"10.0.0.0/24","description":"","dns_nameservers":["83.166.143.51","83.166.143.52"],"enable_dhcp":true,"gateway_ip":"10.0.0.1","host_routes":[],"id":"44298bbe-57f7-406a-8d4c-f5f8d7623fda","ip_version":4,"ipv6_address_mode":"","ipv6_ra_mode":"","name":"city-in","network_id":"0c08b06d-939d-4abe-a128-af70ffe1fa3f","no_gateway":false,"prefix_length":null,"region":"dc4-a","subnetpool_id":"","tags":null,"tenant_id":"2af6b9b1bbd34000aca8778f996cf027","timeouts":null,"value_specs":null},"sensitive_attributes":[],"private":"eyJlMmJmYjczMC1lY2FhLTExZTYtOGY4OC0zNDM2M2JjN2M0YzAiOnsiY3JlYXRlIjo2MDAwMDAwMDAwMDAsImRlbGV0ZSI6NjAwMDAwMDAwMDAwfX0=","dependencies":["openstack_networking_network_v2.city"]}]}],"check_results":null}
